
Microsoft Visual Studio Solution File, Format Version 12.00
# Visual Studio Version 16
VisualStudioVersion = 16.0.34601.136
MinimumVisualStudioVersion = 10.0.40219.1
Project("{888888A0-9F3D-457C-B088-3A5042F75D52}") = "End2End_Chat", "End2End_Chat.pyproj", "{764C8302-E27D-4583-BC2A-97DAAE6559A1}"
EndProject
Global
	GlobalSection(SolutionConfigurationPlatforms) = preSolution
		Debug|Any CPU = Debug|Any CPU
		Release|Any CPU = Release|Any CPU
	EndGlobalSection
	GlobalSection(ProjectConfigurationPlatforms) = postSolution
		{764C8302-E27D-4583-BC2A-97DAAE6559A1}.Debug|Any CPU.ActiveCfg = Debug|Any CPU
		{764C8302-E27D-4583-BC2A-97DAAE6559A1}.Release|Any CPU.ActiveCfg = Release|Any CPU
	EndGlobalSection
	GlobalSection(SolutionProperties) = preSolution
		HideSolutionNode = FALSE
	EndGlobalSection
	GlobalSection(ExtensibilityGlobals) = postSolution
		SolutionGuid = {C5129306-F102-40DF-9B68-9A6DB9AC92CB}
	EndGlobalSection
EndGlobal
